// !$*UTF8*$!
{
	archiveVersion = 1;
	classes = {
	};
	objectVersion = 50;
	objects = {

/* Begin PBXBuildFile section */
		C293F54F23D7ED9A00A280D3 /* main.swift in Sources */ = {isa = PBXBuildFile; fileRef = C293F54E23D7ED9A00A280D3 /* main.swift */; };
		C293F55C23D7EDAA00A280D3 /* happy_number_tests.swift in Sources */ = {isa = PBXBuildFile; fileRef = C293F55B23D7EDAA00A280D3 /* happy_number_tests.swift */; };
		C293F56123D7EDBF00A280D3 /* main.swift in Sources */ = {isa = PBXBuildFile; fileRef = C293F54E23D7ED9A00A280D3 /* main.swift */; };
/* End PBXBuildFile section */

/* Begin PBXCopyFilesBuildPhase section */
		C293F54923D7ED9A00A280D3 /* CopyFiles */ = {
			isa = PBXCopyFilesBuildPhase;
			buildActionMask = 2147483647;
			dstPath = /usr/share/man/man1/;
			dstSubfolderSpec = 0;
			files = (
			);
			runOnlyForDeploymentPostprocessing = 1;
		};
/* End PBXCopyFilesBuildPhase section */

/* Begin PBXFileReference section */
		C293F54B23D7ED9A00A280D3 /* happy_number */ = {isa = PBXFileReference; explicitFileType = "compiled.mach-o.executable"; includeInIndex = 0; path = happy_number; sourceTree = BUILT_PRODUCTS_DIR; };
		C293F54E23D7ED9A00A280D3 /* main.swift */ = {isa = PBXFileReference; lastKnownFileType = sourcecode.swift; path = main.swift; sourceTree = "<group>"; };
		C293F55923D7EDAA00A280D3 /* happy_number_tests.xctest */ = {isa = PBXFileReference; explicitFileType = wrapper.cfbundle; includeInIndex = 0; path = happy_number_tests.xctest; sourceTree = BUILT_PRODUCTS_DIR; };
		C293F55B23D7EDAA00A280D3 /* happy_number_tests.swift */ = {isa = PBXFileReference; lastKnownFileType = sourcecode.swift; path = happy_number_tests.swift; sourceTree = "<group>"; };
		C293F55D23D7EDAA00A280D3 /* Info.plist */ = {isa = PBXFileReference; lastKnownFileType = text.plist.xml; path = Info.plist; sourceTree = "<group>"; };
/* End PBXFileReference section */

/* Begin PBXFrameworksBuildPhase section */
		C293F54823D7ED9A00A280D3 /* Frameworks */ = {
			isa = PBXFrameworksBuildPhase;
			buildActionMask = 2147483647;
			files = (
			);
			runOnlyForDeploymentPostprocessing = 0;
		};
		C293F55623D7EDAA00A280D3 /* Frameworks */ = {
			isa = PBXFrameworksBuildPhase;
			buildActionMask = 2147483647;
			files = (
			);
			runOnlyForDeploymentPostprocessing = 0;
		};
/* End PBXFrameworksBuildPhase section */

/* Begin PBXGroup section */
		C293F54223D7ED9A00A280D3 = {
			isa = PBXGroup;
			children = (
				C293F54D23D7ED9A00A280D3 /* happy_number */,
				C293F55A23D7EDAA00A280D3 /* happy_number_tests */,
				C293F54C23D7ED9A00A280D3 /* Products */,
			);
			sourceTree = "<group>";
		};
		C293F54C23D7ED9A00A280D3 /* Products */ = {
			isa = PBXGroup;
			children = (
				C293F54B23D7ED9A00A280D3 /* happy_number */,
				C293F55923D7EDAA00A280D3 /* happy_number_tests.xctest */,
			);
			name = Products;
			sourceTree = "<group>";
		};
		C293F54D23D7ED9A00A280D3 /* happy_number */ = {
			isa = PBXGroup;
			children = (
				C293F54E23D7ED9A00A280D3 /* main.swift */,
			);
			path = happy_number;
			sourceTree = "<group>";
		};
		C293F55A23D7EDAA00A280D3 /* happy_number_tests */ = {
			isa = PBXGroup;
			children = (
				C293F55B23D7EDAA00A280D3 /* happy_number_tests.swift */,
				C293F55D23D7EDAA00A280D3 /* Info.plist */,
			);
			path = happy_number_tests;
			sourceTree = "<group>";
		};
/* End PBXGroup section */

/* Begin PBXNativeTarget section */
		C293F54A23D7ED9A00A280D3 /* happy_number */ = {
			isa = PBXNativeTarget;
			buildConfigurationList = C293F55223D7ED9A00A280D3 /* Build configuration list for PBXNativeTarget "happy_number" */;
			buildPhases = (
				C293F54723D7ED9A00A280D3 /* Sources */,
				C293F54823D7ED9A00A280D3 /* Frameworks */,
				C293F54923D7ED9A00A280D3 /* CopyFiles */,
			);
			buildRules = (
			);
			dependencies = (
			);
			name = happy_number;
			productName = happy_number;
			productReference = C293F54B23D7ED9A00A280D3 /* happy_number */;
			productType = "com.apple.product-type.tool";
		};
		C293F55823D7EDAA00A280D3 /* happy_number_tests */ = {
			isa = PBXNativeTarget;
			buildConfigurationList = C293F55E23D7EDAA00A280D3 /* Build configuration list for PBXNativeTarget "happy_number_tests" */;
			buildPhases = (
				C293F55523D7EDAA00A280D3 /* Sources */,
				C293F55623D7EDAA00A280D3 /* Frameworks */,
				C293F55723D7EDAA00A280D3 /* Resources */,
			);
			buildRules = (
			);
			dependencies = (
			);
			name = happy_number_tests;
			productName = happy_number_tests;
			productReference = C293F55923D7EDAA00A280D3 /* happy_number_tests.xctest */;
			productType = "com.apple.product-type.bundle.unit-test";
		};
/* End PBXNativeTarget section */

/* Begin PBXProject section */
		C293F54323D7ED9A00A280D3 /* Project object */ = {
			isa = PBXProject;
			attributes = {
				LastSwiftUpdateCheck = 1130;
				LastUpgradeCheck = 1130;
				ORGANIZATIONNAME = "Chaewan Park";
				TargetAttributes = {
					C293F54A23D7ED9A00A280D3 = {
						CreatedOnToolsVersion = 11.3.1;
					};
					C293F55823D7EDAA00A280D3 = {
						CreatedOnToolsVersion = 11.3.1;
					};
				};
			};
			buildConfigurationList = C293F54623D7ED9A00A280D3 /* Build configuration list for PBXProject "happy_number" */;
			compatibilityVersion = "Xcode 9.3";
			developmentRegion = en;
			hasScannedForEncodings = 0;
			knownRegions = (
				en,
				Base,
			);
			mainGroup = C293F54223D7ED9A00A280D3;
			productRefGroup = C293F54C23D7ED9A00A280D3 /* Products */;
			projectDirPath = "";
			projectRoot = "";
			targets = (
				C293F54A23D7ED9A00A280D3 /* happy_number */,
				C293F55823D7EDAA00A280D3 /* happy_number_tests */,
			);
		};
/* End PBXProject section */

/* Begin PBXResourcesBuildPhase section */
		C293F55723D7EDAA00A280D3 /* Resources */ = {
			isa = PBXResourcesBuildPhase;
			buildActionMask = 2147483647;
			files = (
			);
			runOnlyForDeploymentPostprocessing = 0;
		};
/* End PBXResourcesBuildPhase section */

/* Begin PBXSourcesBuildPhase section */
		C293F54723D7ED9A00A280D3 /* Sources */ = {
			isa = PBXSourcesBuildPhase;
			buildActionMask = 2147483647;
			files = (
				C293F54F23D7ED9A00A280D3 /* main.swift in Sources */,
			);
			runOnlyForDeploymentPostprocessing = 0;
		};
		C293F55523D7EDAA00A280D3 /* Sources */ = {
			isa = PBXSourcesBuildPhase;
			buildActionMask = 2147483647;
			files = (
				C293F56123D7EDBF00A280D3 /* main.swift in Sources */,
				C293F55C23D7EDAA00A280D3 /* happy_number_tests.swift in Sources */,
			);
			runOnlyForDeploymentPostprocessing = 0;
		};
/* End PBXSourcesBuildPhase section */

/* Begin XCBuildConfiguration section */
		C293F55023D7ED9A00A280D3 /* Debug */ = {
			isa = XCBuildConfiguration;
			buildSettings = {
				ALWAYS_SEARCH_USER_PATHS = NO;
				CLANG_ANALYZER_NONNULL = YES;
				CLANG_ANALYZER_NUMBER_OBJECT_CONVERSION = YES_AGGRESSIVE;
				CLANG_CXX_LANGUAGE_STANDARD = "gnu++14";
				CLANG_CXX_LIBRARY = "libc++";
				CLANG_ENABLE_MODULES = YES;
				CLANG_ENABLE_OBJC_ARC = YES;
				CLANG_ENABLE_OBJC_WEAK = YES;
				CLANG_WARN_BLOCK_CAPTURE_AUTORELEASING = YES;
				CLANG_WARN_BOOL_CONVERSION = YES;
				CLANG_WARN_COMMA = YES;
				CLANG_WARN_CONSTANT_CONVERSION = YES;
				CLANG_WARN_DEPRECATED_OBJC_IMPLEMENTATIONS = YES;
				CLANG_WARN_DIRECT_OBJC_ISA_USAGE = YES_ERROR;
				CLANG_WARN_DOCUMENTATION_COMMENTS = YES;
				CLANG_WARN_EMPTY_BODY = YES;
				CLANG_WARN_ENUM_CONVERSION = YES;
				CLANG_WARN_INFINITE_RECURSION = YES;
				CLANG_WARN_INT_CONVERSION = YES;
				CLANG_WARN_NON_LITERAL_NULL_CONVERSION = YES;
				CLANG_WARN_OBJC_IMPLICIT_RETAIN_SELF = YES;
				CLANG_WARN_OBJC_LITERAL_CONVERSION = YES;
				CLANG_WARN_OBJC_ROOT_CLASS = YES_ERROR;
				CLANG_WARN_RANGE_LOOP_ANALYSIS = YES;
				CLANG_WARN_STRICT_PROTOTYPES = YES;
				CLANG_WARN_SUSPICIOUS_MOVE = YES;
				CLANG_WARN_UNGUARDED_AVAILABILITY = YES_AGGRESSIVE;
				CLANG_WARN_UNREACHABLE_CODE = YES;
				CLANG_WARN__DUPLICATE_METHOD_MATCH = YES;
				COPY_PHASE_STRIP = NO;
				DEBUG_INFORMATION_FORMAT = dwarf;
				ENABLE_STRICT_OBJC_MSGSEND = YES;
				ENABLE_TESTABILITY = YES;
				GCC_C_LANGUAGE_STANDARD = gnu11;
				GCC_DYNAMIC_NO_PIC = NO;
				GCC_NO_COMMON_BLOCKS = YES;
				GCC_OPTIMIZATION_LEVEL = 0;
				GCC_PREPROCESSOR_DEFINITIONS = (
					"DEBUG=1",
					"$(inherited)",
				);
				GCC_WARN_64_TO_32_BIT_CONVERSION = YES;
				GCC_WARN_ABOUT_RETURN_TYPE = YES_ERROR;
				GCC_WARN_UNDECLARED_SELECTOR = YES;
				GCC_WARN_UNINITIALIZED_AUTOS = YES_AGGRESSIVE;
				GCC_WARN_UNUSED_FUNCTION = YES;
				GCC_WARN_UNUSED_VARIABLE = YES;
				MACOSX_DEPLOYMENT_TARGET = 10.15;
				MTL_ENABLE_DEBUG_INFO = INCLUDE_SOURCE;
				MTL_FAST_MATH = YES;
				ONLY_ACTIVE_ARCH = YES;
				SDKROOT = macosx;
				SWIFT_ACTIVE_COMPILATION_CONDITIONS = DEBUG;
				SWIFT_OPTIMIZATION_LEVEL = "-Onone";
			};
			name = Debug;
		};
		C293F55123D7ED9A00A280D3 /* Release */ = {
			isa = XCBuildConfiguration;
			buildSettings = {
				ALWAYS_SEARCH_USER_PATHS = NO;
				CLANG_ANALYZER_NONNULL = YES;
				CLANG_ANALYZER_NUMBER_OBJECT_CONVERSION = YES_AGGRESSIVE;
				CLANG_CXX_LANGUAGE_STANDARD = "gnu++14";
				CLANG_CXX_LIBRARY = "libc++";
				CLANG_ENABLE_MODULES = YES;
				CLANG_ENABLE_OBJC_ARC = YES;
				CLANG_ENABLE_OBJC_WEAK = YES;
				CLANG_WARN_BLOCK_CAPTURE_AUTORELEASING = YES;
				CLANG_WARN_BOOL_CONVERSION = YES;
				CLANG_WARN_COMMA = YES;
				CLANG_WARN_CONSTANT_CONVERSION = YES;
				CLANG_WARN_DEPRECATED_OBJC_IMPLEMENTATIONS = YES;
				CLANG_WARN_DIRECT_OBJC_ISA_USAGE = YES_ERROR;
				CLANG_WARN_DOCUMENTATION_COMMENTS = YES;
				CLANG_WARN_EMPTY_BODY = YES;
				CLANG_WARN_ENUM_CONVERSION = YES;
				CLANG_WARN_INFINITE_RECURSION = YES;
				CLANG_WARN_INT_CONVERSION = YES;
				CLANG_WARN_NON_LITERAL_NULL_CONVERSION = YES;
				CLANG_WARN_OBJC_IMPLICIT_RETAIN_SELF = YES;
				CLANG_WARN_OBJC_LITERAL_CONVERSION = YES;
				CLANG_WARN_OBJC_ROOT_CLASS = YES_ERROR;
				CLANG_WARN_RANGE_LOOP_ANALYSIS = YES;
				CLANG_WARN_STRICT_PROTOTYPES = YES;
				CLANG_WARN_SUSPICIOUS_MOVE = YES;
				CLANG_WARN_UNGUARDED_AVAILABILITY = YES_AGGRESSIVE;
				CLANG_WARN_UNREACHABLE_CODE = YES;
				CLANG_WARN__DUPLICATE_METHOD_MATCH = YES;
				COPY_PHASE_STRIP = NO;
				DEBUG_INFORMATION_FORMAT = "dwarf-with-dsym";
				ENABLE_NS_ASSERTIONS = NO;
				ENABLE_STRICT_OBJC_MSGSEND = YES;
				GCC_C_LANGUAGE_STANDARD = gnu11;
				GCC_NO_COMMON_BLOCKS = YES;
				GCC_WARN_64_TO_32_BIT_CONVERSION = YES;
				GCC_WARN_ABOUT_RETURN_TYPE = YES_ERROR;
				GCC_WARN_UNDECLARED_SELECTOR = YES;
				GCC_WARN_UNINITIALIZED_AUTOS = YES_AGGRESSIVE;
				GCC_WARN_UNUSED_FUNCTION = YES;
				GCC_WARN_UNUSED_VARIABLE = YES;
				MACOSX_DEPLOYMENT_TARGET = 10.15;
				MTL_ENABLE_DEBUG_INFO = NO;
				MTL_FAST_MATH = YES;
				SDKROOT = macosx;
				SWIFT_COMPILATION_MODE = wholemodule;
				SWIFT_OPTIMIZATION_LEVEL = "-O";
			};
			name = Release;
		};
		C293F55323D7ED9A00A280D3 /* Debug */ = {
			isa = XCBuildConfiguration;
			buildSettings = {
				CODE_SIGN_STYLE = Automatic;
				DEVELOPMENT_TEAM = 7R8M75S4BH;
				ENABLE_HARDENED_RUNTIME = YES;
				PRODUCT_NAME = "$(TARGET_NAME)";
				SWIFT_VERSION = 5.0;
			};
			name = Debug;
		};
		C293F55423D7ED9A00A280D3 /* Release */ = {
			isa = XCBuildConfiguration;
			buildSettings = {
				CODE_SIGN_STYLE = Automatic;
				DEVELOPMENT_TEAM = 7R8M75S4BH;
				ENABLE_HARDENED_RUNTIME = YES;
				PRODUCT_NAME = "$(TARGET_NAME)";
				SWIFT_VERSION = 5.0;
			};
			name = Release;
		};
		C293F55F23D7EDAA00A280D3 /* Debug */ = {
			isa = XCBuildConfiguration;
			buildSettings = {
				CODE_SIGN_STYLE = Automatic;
				COMBINE_HIDPI_IMAGES = YES;
				DEVELOPMENT_TEAM = 7R8M75S4BH;
				INFOPLIST_FILE = happy_number_tests/Info.plist;
				LD_RUNPATH_SEARCH_PATHS = (
					"$(inherited)",
					"@executable_path/../Frameworks",
					"@loader_path/../Frameworks",
				);
				PRODUCT_BUNDLE_IDENTIFIER = "com.seizze.happy-number-tests";
				PRODUCT_NAME = "$(TARGET_NAME)";
				SWIFT_VERSION = 5.0;
			};
			name = Debug;
		};
		C293F56023D7EDAA00A280D3 /* Release */ = {
			isa = XCBuildConfiguration;
			buildSettings = {
				CODE_SIGN_STYLE = Automatic;
				COMBINE_HIDPI_IMAGES = YES;
				DEVELOPMENT_TEAM = 7R8M75S4BH;
				INFOPLIST_FILE = happy_number_tests/Info.plist;
				LD_RUNPATH_SEARCH_PATHS = (
					"$(inherited)",
					"@executable_path/../Frameworks",
					"@loader_path/../Frameworks",
				);
				PRODUCT_BUNDLE_IDENTIFIER = "com.seizze.happy-number-tests";
				PRODUCT_NAME = "$(TARGET_NAME)";
				SWIFT_VERSION = 5.0;
			};
			name = Release;
		};
/* End XCBuildConfiguration section */

/* Begin XCConfigurationList section */
		C293F54623D7ED9A00A280D3 /* Build configuration list for PBXProject "happy_number" */ = {
			isa = XCConfigurationList;
			buildConfigurations = (
				C293F55023D7ED9A00A280D3 /* Debug */,
				C293F55123D7ED9A00A280D3 /* Release */,
			);
			defaultConfigurationIsVisible = 0;
			defaultConfigurationName = Release;
		};
		C293F55223D7ED9A00A280D3 /* Build configuration list for PBXNativeTarget "happy_number" */ = {
			isa = XCConfigurationList;
			buildConfigurations = (
				C293F55323D7ED9A00A280D3 /* Debug */,
				C293F55423D7ED9A00A280D3 /* Release */,
			);
			defaultConfigurationIsVisible = 0;
			defaultConfigurationName = Release;
		};
		C293F55E23D7EDAA00A280D3 /* Build configuration list for PBXNativeTarget "happy_number_tests" */ = {
			isa = XCConfigurationList;
			buildConfigurations = (
				C293F55F23D7EDAA00A280D3 /* Debug */,
				C293F56023D7EDAA00A280D3 /* Release */,
			);
			defaultConfigurationIsVisible = 0;
			defaultConfigurationName = Release;
		};
/* End XCConfigurationList section */
	};
	rootObject = C293F54323D7ED9A00A280D3 /* Project object */;
}
